// !$*UTF8*$!
{
	archiveVersion = 1;
	classes = {
	};
	objectVersion = 46;
	objects = {

/* Begin PBXBuildFile section */
		D8AC92B81A9E1A93004831CB /* AppDelegate.swift in Sources */ = {isa = PBXBuildFile; fileRef = D8AC92B71A9E1A93004831CB /* AppDelegate.swift */; };
		D8AC92BA1A9E1A93004831CB /* ViewController.swift in Sources */ = {isa = PBXBuildFile; fileRef = D8AC92B91A9E1A93004831CB /* ViewController.swift */; };
		D8AC92BD1A9E1A93004831CB /* Main.storyboard in Resources */ = {isa = PBXBuildFile; fileRef = D8AC92BB1A9E1A93004831CB /* Main.storyboard */; };
		D8AC92BF1A9E1A93004831CB /* Images.xcassets in Resources */ = {isa = PBXBuildFile; fileRef = D8AC92BE1A9E1A93004831CB /* Images.xcassets */; };
		D8AC92C21A9E1A93004831CB /* LaunchScreen.xib in Resources */ = {isa = PBXBuildFile; fileRef = D8AC92C01A9E1A93004831CB /* LaunchScreen.xib */; };
		D8AC92CE1A9E1A93004831CB /* helloworldTests.swift in Sources */ = {isa = PBXBuildFile; fileRef = D8AC92CD1A9E1A93004831CB /* helloworldTests.swift */; };
/* End PBXBuildFile section */

/* Begin PBXContainerItemProxy section */
		D8AC92C81A9E1A93004831CB /* PBXContainerItemProxy */ = {
			isa = PBXContainerItemProxy;
			containerPortal = D8AC92AA1A9E1A93004831CB /* Project object */;
			proxyType = 1;
			remoteGlobalIDString = D8AC92B11A9E1A93004831CB;
			remoteInfo = helloworld;
		};
/* End PBXContainerItemProxy section */

/* Begin PBXFileReference section */
		D8AC92B21A9E1A93004831CB /* helloworld.app */ = {isa = PBXFileReference; explicitFileType = wrapper.application; includeInIndex = 0; path = helloworld.app; sourceTree = BUILT_PRODUCTS_DIR; };
		D8AC92B61A9E1A93004831CB /* Info.plist */ = {isa = PBXFileReference; lastKnownFileType = text.plist.xml; path = Info.plist; sourceTree = "<group>"; };
		D8AC92B71A9E1A93004831CB /* AppDelegate.swift */ = {isa = PBXFileReference; lastKnownFileType = sourcecode.swift; path = AppDelegate.swift; sourceTree = "<group>"; };
		D8AC92B91A9E1A93004831CB /* ViewController.swift */ = {isa = PBXFileReference; lastKnownFileType = sourcecode.swift; path = ViewController.swift; sourceTree = "<group>"; };
		D8AC92BC1A9E1A93004831CB /* Base */ = {isa = PBXFileReference; lastKnownFileType = file.storyboard; name = Base; path = Base.lproj/Main.storyboard; sourceTree = "<group>"; };
		D8AC92BE1A9E1A93004831CB /* Images.xcassets */ = {isa = PBXFileReference; lastKnownFileType = folder.assetcatalog; path = Images.xcassets; sourceTree = "<group>"; };
		D8AC92C11A9E1A93004831CB /* Base */ = {isa = PBXFileReference; lastKnownFileType = file.xib; name = Base; path = Base.lproj/LaunchScreen.xib; sourceTree = "<group>"; };
		D8AC92C71A9E1A93004831CB /* helloworldTests.xctest */ = {isa = PBXFileReference; explicitFileType = wrapper.cfbundle; includeInIndex = 0; path = helloworldTests.xctest; sourceTree = BUILT_PRODUCTS_DIR; };
		D8AC92CC1A9E1A93004831CB /* Info.plist */ = {isa = PBXFileReference; lastKnownFileType = text.plist.xml; path = Info.plist; sourceTree = "<group>"; };
		D8AC92CD1A9E1A93004831CB /* helloworldTests.swift */ = {isa = PBXFileReference; lastKnownFileType = sourcecode.swift; path = helloworldTests.swift; sourceTree = "<group>"; };
		D8D3A47A1A9F412A0013B7A2 /* world.playground */ = {isa = PBXFileReference; lastKnownFileType = file.playground; path = world.playground; sourceTree = "<group>"; };
/* End PBXFileReference section */

/* Begin PBXFrameworksBuildPhase section */
		D8AC92AF1A9E1A93004831CB /* Frameworks */ = {
			isa = PBXFrameworksBuildPhase;
			buildActionMask = 2147483647;
			files = (
			);
			runOnlyForDeploymentPostprocessing = 0;
		};
		D8AC92C41A9E1A93004831CB /* Frameworks */ = {
			isa = PBXFrameworksBuildPhase;
			buildActionMask = 2147483647;
			files = (
			);
			runOnlyForDeploymentPostprocessing = 0;
		};
/* End PBXFrameworksBuildPhase section */

/* Begin PBXGroup section */
		D8AC92A91A9E1A93004831CB = {
			isa = PBXGroup;
			children = (
				D8AC92B41A9E1A93004831CB /* helloworld */,
				D8AC92CA1A9E1A93004831CB /* helloworldTests */,
				D8AC92B31A9E1A93004831CB /* Products */,
			);
			sourceTree = "<group>";
		};
		D8AC92B31A9E1A93004831CB /* Products */ = {
			isa = PBXGroup;
			children = (
				D8AC92B21A9E1A93004831CB /* helloworld.app */,
				D8AC92C71A9E1A93004831CB /* helloworldTests.xctest */,
			);
			name = Products;
			sourceTree = "<group>";
		};
		D8AC92B41A9E1A93004831CB /* helloworld */ = {
			isa = PBXGroup;
			children = (
				D8AC92B71A9E1A93004831CB /* AppDelegate.swift */,
				D8AC92B91A9E1A93004831CB /* ViewController.swift */,
				D8AC92BB1A9E1A93004831CB /* Main.storyboard */,
				D8AC92BE1A9E1A93004831CB /* Images.xcassets */,
				D8AC92C01A9E1A93004831CB /* LaunchScreen.xib */,
				D8AC92B51A9E1A93004831CB /* Supporting Files */,
				D8D3A47A1A9F412A0013B7A2 /* world.playground */,
			);
			path = helloworld;
			sourceTree = "<group>";
		};
		D8AC92B51A9E1A93004831CB /* Supporting Files */ = {
			isa = PBXGroup;
			children = (
				D8AC92B61A9E1A93004831CB /* Info.plist */,
			);
			name = "Supporting Files";
			sourceTree = "<group>";
		};
		D8AC92CA1A9E1A93004831CB /* helloworldTests */ = {
			isa = PBXGroup;
			children = (
				D8AC92CD1A9E1A93004831CB /* helloworldTests.swift */,
				D8AC92CB1A9E1A93004831CB /* Supporting Files */,
			);
			path = helloworldTests;
			sourceTree = "<group>";
		};
		D8AC92CB1A9E1A93004831CB /* Supporting Files */ = {
			isa = PBXGroup;
			children = (
				D8AC92CC1A9E1A93004831CB /* Info.plist */,
			);
			name = "Supporting Files";
			sourceTree = "<group>";
		};
/* End PBXGroup section */

/* Begin PBXNativeTarget section */
		D8AC92B11A9E1A93004831CB /* helloworld */ = {
			isa = PBXNativeTarget;
			buildConfigurationList = D8AC92D11A9E1A93004831CB /* Build configuration list for PBXNativeTarget "helloworld" */;
			buildPhases = (
				D8AC92AE1A9E1A93004831CB /* Sources */,
				D8AC92AF1A9E1A93004831CB /* Frameworks */,
				D8AC92B01A9E1A93004831CB /* Resources */,
			);
			buildRules = (
			);
			dependencies = (
			);
			name = helloworld;
			productName = helloworld;
			productReference = D8AC92B21A9E1A93004831CB /* helloworld.app */;
			productType = "com.apple.product-type.application";
		};
		D8AC92C61A9E1A93004831CB /* helloworldTests */ = {
			isa = PBXNativeTarget;
			buildConfigurationList = D8AC92D41A9E1A93004831CB /* Build configuration list for PBXNativeTarget "helloworldTests" */;
			buildPhases = (
				D8AC92C31A9E1A93004831CB /* Sources */,
				D8AC92C41A9E1A93004831CB /* Frameworks */,
				D8AC92C51A9E1A93004831CB /* Resources */,
			);
			buildRules = (
			);
			dependencies = (
				D8AC92C91A9E1A93004831CB /* PBXTargetDependency */,
			);
			name = helloworldTests;
			productName = helloworldTests;
			productReference = D8AC92C71A9E1A93004831CB /* helloworldTests.xctest */;
			productType = "com.apple.product-type.bundle.unit-test";
		};
/* End PBXNativeTarget section */

/* Begin PBXProject section */
		D8AC92AA1A9E1A93004831CB /* Project object */ = {
			isa = PBXProject;
			attributes = {
				LastUpgradeCheck = 0610;
				ORGANIZATIONNAME = "华润明";
				TargetAttributes = {
					D8AC92B11A9E1A93004831CB = {
						CreatedOnToolsVersion = 6.1.1;
					};
					D8AC92C61A9E1A93004831CB = {
						CreatedOnToolsVersion = 6.1.1;
						TestTargetID = D8AC92B11A9E1A93004831CB;
					};
				};
			};
			buildConfigurationList = D8AC92AD1A9E1A93004831CB /* Build configuration list for PBXProject "helloworld" */;
			compatibilityVersion = "Xcode 3.2";
			developmentRegion = English;
			hasScannedForEncodings = 0;
			knownRegions = (
				en,
				Base,
			);
			mainGroup = D8AC92A91A9E1A93004831CB;
			productRefGroup = D8AC92B31A9E1A93004831CB /* Products */;
			projectDirPath = "";
			projectRoot = "";
			targets = (
				D8AC92B11A9E1A93004831CB /* helloworld */,
				D8AC92C61A9E1A93004831CB /* helloworldTests */,
			);
		};
/* End PBXProject section */

/* Begin PBXResourcesBuildPhase section */
		D8AC92B01A9E1A93004831CB /* Resources */ = {
			isa = PBXResourcesBuildPhase;
			buildActionMask = 2147483647;
			files = (
				D8AC92BD1A9E1A93004831CB /* Main.storyboard in Resources */,
				D8AC92C21A9E1A93004831CB /* LaunchScreen.xib in Resources */,
				D8AC92BF1A9E1A93004831CB /* Images.xcassets in Resources */,
			);
			runOnlyForDeploymentPostprocessing = 0;
		};
		D8AC92C51A9E1A93004831CB /* Resources */ = {
			isa = PBXResourcesBuildPhase;
			buildActionMask = 2147483647;
			files = (
			);
			runOnlyForDeploymentPostprocessing = 0;
		};
/* End PBXResourcesBuildPhase section */

/* Begin PBXSourcesBuildPhase section */
		D8AC92AE1A9E1A93004831CB /* Sources */ = {
			isa = PBXSourcesBuildPhase;
			buildActionMask = 2147483647;
			files = (
				D8AC92BA1A9E1A93004831CB /* ViewController.swift in Sources */,
				D8AC92B81A9E1A93004831CB /* AppDelegate.swift in Sources */,
			);
			runOnlyForDeploymentPostprocessing = 0;
		};
		D8AC92C31A9E1A93004831CB /* Sources */ = {
			isa = PBXSourcesBuildPhase;
			buildActionMask = 2147483647;
			files = (
				D8AC92CE1A9E1A93004831CB /* helloworldTests.swift in Sources */,
			);
			runOnlyForDeploymentPostprocessing = 0;
		};
/* End PBXSourcesBuildPhase section */

/* Begin PBXTargetDependency section */
		D8AC92C91A9E1A93004831CB /* PBXTargetDependency */ = {
			isa = PBXTargetDependency;
			target = D8AC92B11A9E1A93004831CB /* helloworld */;
			targetProxy = D8AC92C81A9E1A93004831CB /* PBXContainerItemProxy */;
		};
/* End PBXTargetDependency section */

/* Begin PBXVariantGroup section */
		D8AC92BB1A9E1A93004831CB /* Main.storyboard */ = {
			isa = PBXVariantGroup;
			children = (
				D8AC92BC1A9E1A93004831CB /* Base */,
			);
			name = Main.storyboard;
			sourceTree = "<group>";
		};
		D8AC92C01A9E1A93004831CB /* LaunchScreen.xib */ = {
			isa = PBXVariantGroup;
			children = (
				D8AC92C11A9E1A93004831CB /* Base */,
			);
			name = LaunchScreen.xib;
			sourceTree = "<group>";
		};
/* End PBXVariantGroup section */

/* Begin XCBuildConfiguration section */
		D8AC92CF1A9E1A93004831CB /* Debug */ = {
			isa = XCBuildConfiguration;
			buildSettings = {
				ALWAYS_SEARCH_USER_PATHS = NO;
				CLANG_CXX_LANGUAGE_STANDARD = "gnu++0x";
				CLANG_CXX_LIBRARY = "libc++";
				CLANG_ENABLE_MODULES = YES;
				CLANG_ENABLE_OBJC_ARC = YES;
				CLANG_WARN_BOOL_CONVERSION = YES;
				CLANG_WARN_CONSTANT_CONVERSION = YES;
				CLANG_WARN_DIRECT_OBJC_ISA_USAGE = YES_ERROR;
				CLANG_WARN_EMPTY_BODY = YES;
				CLANG_WARN_ENUM_CONVERSION = YES;
				CLANG_WARN_INT_CONVERSION = YES;
				CLANG_WARN_OBJC_ROOT_CLASS = YES_ERROR;
				CLANG_WARN_UNREACHABLE_CODE = YES;
				CLANG_WARN__DUPLICATE_METHOD_MATCH = YES;
				"CODE_SIGN_IDENTITY[sdk=iphoneos*]" = "iPhone Developer";
				COPY_PHASE_STRIP = NO;
				ENABLE_STRICT_OBJC_MSGSEND = YES;
				GCC_C_LANGUAGE_STANDARD = gnu99;
				GCC_DYNAMIC_NO_PIC = NO;
				GCC_OPTIMIZATION_LEVEL = 0;
				GCC_PREPROCESSOR_DEFINITIONS = (
					"DEBUG=1",
					"$(inherited)",
				);
				GCC_SYMBOLS_PRIVATE_EXTERN = NO;
				GCC_WARN_64_TO_32_BIT_CONVERSION = YES;
				GCC_WARN_ABOUT_RETURN_TYPE = YES_ERROR;
				GCC_WARN_UNDECLARED_SELECTOR = YES;
				GCC_WARN_UNINITIALIZED_AUTOS = YES_AGGRESSIVE;
				GCC_WARN_UNUSED_FUNCTION = YES;
				GCC_WARN_UNUSED_VARIABLE = YES;
				IPHONEOS_DEPLOYMENT_TARGET = 8.1;
				MTL_ENABLE_DEBUG_INFO = YES;
				ONLY_ACTIVE_ARCH = YES;
				SDKROOT = iphoneos;
				SWIFT_OPTIMIZATION_LEVEL = "-Onone";
			};
			name = Debug;
		};
		D8AC92D01A9E1A93004831CB /* Release */ = {
			isa = XCBuildConfiguration;
			buildSettings = {
				ALWAYS_SEARCH_USER_PATHS = NO;
				CLANG_CXX_LANGUAGE_STANDARD = "gnu++0x";
				CLANG_CXX_LIBRARY = "libc++";
				CLANG_ENABLE_MODULES = YES;
				CLANG_ENABLE_OBJC_ARC = YES;
				CLANG_WARN_BOOL_CONVERSION = YES;
				CLANG_WARN_CONSTANT_CONVERSION = YES;
				CLANG_WARN_DIRECT_OBJC_ISA_USAGE = YES_ERROR;
				CLANG_WARN_EMPTY_BODY = YES;
				CLANG_WARN_ENUM_CONVERSION = YES;
				CLANG_WARN_INT_CONVERSION = YES;
				CLANG_WARN_OBJC_ROOT_CLASS = YES_ERROR;
				CLANG_WARN_UNREACHABLE_CODE = YES;
				CLANG_WARN__DUPLICATE_METHOD_MATCH = YES;
				"CODE_SIGN_IDENTITY[sdk=iphoneos*]" = "iPhone Developer";
				COPY_PHASE_STRIP = YES;
				ENABLE_NS_ASSERTIONS = NO;
				ENABLE_STRICT_OBJC_MSGSEND = YES;
				GCC_C_LANGUAGE_STANDARD = gnu99;
				GCC_WARN_64_TO_32_BIT_CONVERSION = YES;
				GCC_WARN_ABOUT_RETURN_TYPE = YES_ERROR;
				GCC_WARN_UNDECLARED_SELECTOR = YES;
				GCC_WARN_UNINITIALIZED_AUTOS = YES_AGGRESSIVE;
				GCC_WARN_UNUSED_FUNCTION = YES;
				GCC_WARN_UNUSED_VARIABLE = YES;
				IPHONEOS_DEPLOYMENT_TARGET = 8.1;
				MTL_ENABLE_DEBUG_INFO = NO;
				SDKROOT = iphoneos;
				VALIDATE_PRODUCT = YES;
			};
			name = Release;
		};
		D8AC92D21A9E1A93004831CB /* Debug */ = {
			isa = XCBuildConfiguration;
			buildSettings = {
				ASSETCATALOG_COMPILER_APPICON_NAME = AppIcon;
				INFOPLIST_FILE = helloworld/Info.plist;
				LD_RUNPATH_SEARCH_PATHS = "$(inherited) @executable_path/Frameworks";
				PRODUCT_NAME = "$(TARGET_NAME)";
			};
			name = Debug;
		};
		D8AC92D31A9E1A93004831CB /* Release */ = {
			isa = XCBuildConfiguration;
			buildSettings = {
				ASSETCATALOG_COMPILER_APPICON_NAME = AppIcon;
				INFOPLIST_FILE = helloworld/Info.plist;
				LD_RUNPATH_SEARCH_PATHS = "$(inherited) @executable_path/Frameworks";
				PRODUCT_NAME = "$(TARGET_NAME)";
			};
			name = Release;
		};
		D8AC92D51A9E1A93004831CB /* Debug */ = {
			isa = XCBuildConfiguration;
			buildSettings = {
				BUNDLE_LOADER = "$(TEST_HOST)";
				FRAMEWORK_SEARCH_PATHS = (
					"$(SDKROOT)/Developer/Library/Frameworks",
					"$(inherited)",
				);
				GCC_PREPROCESSOR_DEFINITIONS = (
					"DEBUG=1",
					"$(inherited)",
				);
				INFOPLIST_FILE = helloworldTests/Info.plist;
				LD_RUNPATH_SEARCH_PATHS = "$(inherited) @executable_path/Frameworks @loader_path/Frameworks";
				PRODUCT_NAME = "$(TARGET_NAME)";
				TEST_HOST = "$(BUILT_PRODUCTS_DIR)/helloworld.app/helloworld";
			};
			name = Debug;
		};
		D8AC92D61A9E1A93004831CB /* Release */ = {
			isa = XCBuildConfiguration;
			buildSettings = {
				BUNDLE_LOADER = "$(TEST_HOST)";
				FRAMEWORK_SEARCH_PATHS = (
					"$(SDKROOT)/Developer/Library/Frameworks",
					"$(inherited)",
				);
				INFOPLIST_FILE = helloworldTests/Info.plist;
				LD_RUNPATH_SEARCH_PATHS = "$(inherited) @executable_path/Frameworks @loader_path/Frameworks";
				PRODUCT_NAME = "$(TARGET_NAME)";
				TEST_HOST = "$(BUILT_PRODUCTS_DIR)/helloworld.app/helloworld";
			};
			name = Release;
		};
/* End XCBuildConfiguration section */

/* Begin XCConfigurationList section */
		D8AC92AD1A9E1A93004831CB /* Build configuration list for PBXProject "helloworld" */ = {
			isa = XCConfigurationList;
			buildConfigurations = (
				D8AC92CF1A9E1A93004831CB /* Debug */,
				D8AC92D01A9E1A93004831CB /* Release */,
			);
			defaultConfigurationIsVisible = 0;
			defaultConfigurationName = Release;
		};
		D8AC92D11A9E1A93004831CB /* Build configuration list for PBXNativeTarget "helloworld" */ = {
			isa = XCConfigurationList;
			buildConfigurations = (
				D8AC92D21A9E1A93004831CB /* Debug */,
				D8AC92D31A9E1A93004831CB /* Release */,
			);
			defaultConfigurationIsVisible = 0;
			defaultConfigurationName = Release;
		};
		D8AC92D41A9E1A93004831CB /* Build configuration list for PBXNativeTarget "helloworldTests" */ = {
			isa = XCConfigurationList;
			buildConfigurations = (
				D8AC92D51A9E1A93004831CB /* Debug */,
				D8AC92D61A9E1A93004831CB /* Release */,
			);
			defaultConfigurationIsVisible = 0;
			defaultConfigurationName = Release;
		};
/* End XCConfigurationList section */
	};
	rootObject = D8AC92AA1A9E1A93004831CB /* Project object */;
}
